
Microsoft Visual Studio Solution File, Format Version 12.00
# Visual Studio Version 16
VisualStudioVersion = 16.0.32802.440
MinimumVisualStudioVersion = 10.0.40219.1
Project("{FAE04EC0-301F-11D3-BF4B-00C04F79EFBC}") = "ComprasVista", "Vista\ComprasVista.csproj", "{8FBA52EA-34AD-4CA6-A4D8-5DC1C3B27D2F}"
EndProject
Project("{FAE04EC0-301F-11D3-BF4B-00C04F79EFBC}") = "ComprasModelo", "Modelo\ComprasModelo.csproj", "{A6299FD7-2E0A-4905-BEEB-923956EEFFBA}"
EndProject
Project("{FAE04EC0-301F-11D3-BF4B-00C04F79EFBC}") = "ComprasControlador", "Controlador\ComprasControlador.csproj", "{3994CDEA-C28E-4DF3-A7F5-C267CF7D7621}"
EndProject
Global
	GlobalSection(SolutionConfigurationPlatforms) = preSolution
		Debug|Any CPU = Debug|Any CPU
		Release|Any CPU = Release|Any CPU
	EndGlobalSection
	GlobalSection(ProjectConfigurationPlatforms) = postSolution
		{8FBA52EA-34AD-4CA6-A4D8-5DC1C3B27D2F}.Debug|Any CPU.ActiveCfg = Debug|Any CPU
		{8FBA52EA-34AD-4CA6-A4D8-5DC1C3B27D2F}.Debug|Any CPU.Build.0 = Debug|Any CPU
		{8FBA52EA-34AD-4CA6-A4D8-5DC1C3B27D2F}.Release|Any CPU.ActiveCfg = Release|Any CPU
		{8FBA52EA-34AD-4CA6-A4D8-5DC1C3B27D2F}.Release|Any CPU.Build.0 = Release|Any CPU
		{A6299FD7-2E0A-4905-BEEB-923956EEFFBA}.Debug|Any CPU.ActiveCfg = Debug|Any CPU
		{A6299FD7-2E0A-4905-BEEB-923956EEFFBA}.Debug|Any CPU.Build.0 = Debug|Any CPU
		{A6299FD7-2E0A-4905-BEEB-923956EEFFBA}.Release|Any CPU.ActiveCfg = Release|Any CPU
		{A6299FD7-2E0A-4905-BEEB-923956EEFFBA}.Release|Any CPU.Build.0 = Release|Any CPU
		{3994CDEA-C28E-4DF3-A7F5-C267CF7D7621}.Debug|Any CPU.ActiveCfg = Debug|Any CPU
		{3994CDEA-C28E-4DF3-A7F5-C267CF7D7621}.Debug|Any CPU.Build.0 = Debug|Any CPU
		{3994CDEA-C28E-4DF3-A7F5-C267CF7D7621}.Release|Any CPU.ActiveCfg = Release|Any CPU
		{3994CDEA-C28E-4DF3-A7F5-C267CF7D7621}.Release|Any CPU.Build.0 = Release|Any CPU
	EndGlobalSection
	GlobalSection(SolutionProperties) = preSolution
		HideSolutionNode = FALSE
	EndGlobalSection
	GlobalSection(ExtensibilityGlobals) = postSolution
		SolutionGuid = {45780411-232F-46E9-8896-0C6A6A5B750E}
	EndGlobalSection
EndGlobal
