
Microsoft Visual Studio Solution File, Format Version 12.00
# Visual Studio Version 16
VisualStudioVersion = 16.0.32602.291
MinimumVisualStudioVersion = 10.0.40219.1
Project("{FAE04EC0-301F-11D3-BF4B-00C04F79EFBC}") = "Ejecución", "Ejecución\Ejecución.csproj", "{0CEBAF11-642F-4965-BD07-2D244950C528}"
EndProject
Global
	GlobalSection(SolutionConfigurationPlatforms) = preSolution
		Debug|Any CPU = Debug|Any CPU
		Release|Any CPU = Release|Any CPU
	EndGlobalSection
	GlobalSection(ProjectConfigurationPlatforms) = postSolution
		{0CEBAF11-642F-4965-BD07-2D244950C528}.Debug|Any CPU.ActiveCfg = Debug|Any CPU
		{0CEBAF11-642F-4965-BD07-2D244950C528}.Debug|Any CPU.Build.0 = Debug|Any CPU
		{0CEBAF11-642F-4965-BD07-2D244950C528}.Release|Any CPU.ActiveCfg = Release|Any CPU
		{0CEBAF11-642F-4965-BD07-2D244950C528}.Release|Any CPU.Build.0 = Release|Any CPU
	EndGlobalSection
	GlobalSection(SolutionProperties) = preSolution
		HideSolutionNode = FALSE
	EndGlobalSection
	GlobalSection(ExtensibilityGlobals) = postSolution
		SolutionGuid = {3871569E-D2EF-4CDA-B4BA-ACC35E130E38}
	EndGlobalSection
EndGlobal
