
Microsoft Visual Studio Solution File, Format Version 12.00
# Visual Studio Version 16
VisualStudioVersion = 16.0.32802.440
MinimumVisualStudioVersion = 10.0.40219.1
Project("{FAE04EC0-301F-11D3-BF4B-00C04F79EFBC}") = "NavegadorVista", "Vista\NavegadorVista.csproj", "{AB293353-FCE3-47AC-A5F8-4BADBF91F517}"
EndProject
Project("{FAE04EC0-301F-11D3-BF4B-00C04F79EFBC}") = "NavegadorModelo", "Modelo\NavegadorModelo.csproj", "{996984C0-E3F4-4A7F-AC3E-15FC04F05DDC}"
EndProject
Project("{FAE04EC0-301F-11D3-BF4B-00C04F79EFBC}") = "NavegadorControlador", "Controlador\NavegadorControlador.csproj", "{F03DE0C1-B8F2-40EF-9782-E8E6FEF71D14}"
EndProject
Global
	GlobalSection(SolutionConfigurationPlatforms) = preSolution
		Debug|Any CPU = Debug|Any CPU
		Release|Any CPU = Release|Any CPU
	EndGlobalSection
	GlobalSection(ProjectConfigurationPlatforms) = postSolution
		{AB293353-FCE3-47AC-A5F8-4BADBF91F517}.Debug|Any CPU.ActiveCfg = Debug|Any CPU
		{AB293353-FCE3-47AC-A5F8-4BADBF91F517}.Debug|Any CPU.Build.0 = Debug|Any CPU
		{AB293353-FCE3-47AC-A5F8-4BADBF91F517}.Release|Any CPU.ActiveCfg = Release|Any CPU
		{AB293353-FCE3-47AC-A5F8-4BADBF91F517}.Release|Any CPU.Build.0 = Release|Any CPU
		{996984C0-E3F4-4A7F-AC3E-15FC04F05DDC}.Debug|Any CPU.ActiveCfg = Debug|Any CPU
		{996984C0-E3F4-4A7F-AC3E-15FC04F05DDC}.Debug|Any CPU.Build.0 = Debug|Any CPU
		{996984C0-E3F4-4A7F-AC3E-15FC04F05DDC}.Release|Any CPU.ActiveCfg = Release|Any CPU
		{996984C0-E3F4-4A7F-AC3E-15FC04F05DDC}.Release|Any CPU.Build.0 = Release|Any CPU
		{F03DE0C1-B8F2-40EF-9782-E8E6FEF71D14}.Debug|Any CPU.ActiveCfg = Debug|Any CPU
		{F03DE0C1-B8F2-40EF-9782-E8E6FEF71D14}.Debug|Any CPU.Build.0 = Debug|Any CPU
		{F03DE0C1-B8F2-40EF-9782-E8E6FEF71D14}.Release|Any CPU.ActiveCfg = Release|Any CPU
		{F03DE0C1-B8F2-40EF-9782-E8E6FEF71D14}.Release|Any CPU.Build.0 = Release|Any CPU
	EndGlobalSection
	GlobalSection(SolutionProperties) = preSolution
		HideSolutionNode = FALSE
	EndGlobalSection
	GlobalSection(ExtensibilityGlobals) = postSolution
		SolutionGuid = {288B4EAA-C2E2-4A34-BFBD-B5B6425BA6EC}
	EndGlobalSection
EndGlobal
